schema: '2.0'
stages:
  scrap:
    cmd: python scripts/scrap.py
    deps:
    - path: scripts/scrap.py
      hash: md5
      md5: f9d498663bd46d1bf0c2d94befc308b2
      size: 2600
    params:
      params.yaml:
        scrap.page_size: 200
        scrap.year: 2024
    outs:
    - path: outputs/scraped/
      hash: md5
      md5: 022c1aaebee4d454817d33de4bf78461.dir
      size: 52501673
      nfiles: 200
  create_dataset:
    cmd: python scripts/create_dataset.py
    deps:
    - path: outputs/scraped/
      hash: md5
      md5: 022c1aaebee4d454817d33de4bf78461.dir
      size: 52501673
      nfiles: 200
    - path: scripts/create_dataset.py
      hash: md5
      md5: fce93f1bb61dbb887fe943868aea8b28
      size: 1137
    outs:
    - path: outputs/dataset/
      hash: md5
      md5: 6b9b986497a2450a80455394ddbc2cc2.dir
      size: 1119174
      nfiles: 3
  create_embeddings:
    cmd: python scripts/create_embeddings.py
    deps:
    - path: outputs/dataset/
      hash: md5
      md5: 6b9b986497a2450a80455394ddbc2cc2.dir
      size: 1119174
      nfiles: 3
    - path: scripts/create_embeddings.py
      hash: md5
      md5: 005543c80da76e3c2fd71565afcdfa63
      size: 1650
    params:
      params.yaml:
        create_embeddings.biencoder: sentence-transformers/multi-qa-mpnet-base-dot-v1
    outs:
    - path: outputs/embeddings.pkl
      hash: md5
      md5: abfe092026613facd037f606ba22d62d
      size: 624203
